
Microsoft Visual Studio Solution File, Format Version 12.00
# Visual Studio 15
VisualStudioVersion = 15.0.27703.2042
MinimumVisualStudioVersion = 10.0.40219.1
Project("{9092AA53-FB77-4645-B42D-1CCCA6BD08BD}") = "RMMVplugins", "..\RMMVplugins.njsproj", "{EAFEF73C-3287-43A0-978A-0750FC959B92}"
EndProject
Global
	GlobalSection(SolutionConfigurationPlatforms) = preSolution
		Debug|Any CPU = Debug|Any CPU
		Release|Any CPU = Release|Any CPU
	EndGlobalSection
	GlobalSection(ProjectConfigurationPlatforms) = postSolution
		{EAFEF73C-3287-43A0-978A-0750FC959B92}.Debug|Any CPU.ActiveCfg = Debug|Any CPU
		{EAFEF73C-3287-43A0-978A-0750FC959B92}.Debug|Any CPU.Build.0 = Debug|Any CPU
		{EAFEF73C-3287-43A0-978A-0750FC959B92}.Release|Any CPU.ActiveCfg = Release|Any CPU
		{EAFEF73C-3287-43A0-978A-0750FC959B92}.Release|Any CPU.Build.0 = Release|Any CPU
	EndGlobalSection
	GlobalSection(SolutionProperties) = preSolution
		HideSolutionNode = FALSE
	EndGlobalSection
	GlobalSection(ExtensibilityGlobals) = postSolution
		SolutionGuid = {4E188B1E-91B9-4CCB-A75A-FA3E2EC144A2}
	EndGlobalSection
EndGlobal
